
Microsoft Visual Studio Solution File, Format Version 12.00
# Visual Studio 15
VisualStudioVersion = 15.0.28307.572
MinimumVisualStudioVersion = 10.0.40219.1
Project("{2150E333-8FDC-42A3-9474-1A3956D46DE8}") = "Trump", "Trump", "{683A621F-50B7-4E2B-92A5-F65714ABC8A0}"
EndProject
Project("{FAE04EC0-301F-11D3-BF4B-00C04F79EFBC}") = "Trump.ExamApp", "Trump.ExamApp\Trump.ExamApp.csproj", "{91557591-9572-4287-BB4E-129B5300C0A1}"
EndProject
Project("{FAE04EC0-301F-11D3-BF4B-00C04F79EFBC}") = "Trump.Application", "Trump.Application\Trump.Application.csproj", "{B7B17034-1DCF-4333-842D-878BCD866B0E}"
EndProject
Project("{FAE04EC0-301F-11D3-BF4B-00C04F79EFBC}") = "Trump.EF", "Trump.EF\Trump.EF.csproj", "{3C58A5DE-E537-4927-9ACC-51AEDDFE16B7}"
EndProject
Project("{FAE04EC0-301F-11D3-BF4B-00C04F79EFBC}") = "Trump.Domain", "Trump.Domain\Trump.Domain.csproj", "{997E53D5-0BD1-4304-9431-8BE6544CBCA6}"
EndProject
Project("{FAE04EC0-301F-11D3-BF4B-00C04F79EFBC}") = "EFR", "EFR\EFR.csproj", "{196373FD-C278-499E-919C-0BE3A48FC2D1}"
EndProject
Global
	GlobalSection(SolutionConfigurationPlatforms) = preSolution
		Debug|Any CPU = Debug|Any CPU
		Release|Any CPU = Release|Any CPU
	EndGlobalSection
	GlobalSection(ProjectConfigurationPlatforms) = postSolution
		{91557591-9572-4287-BB4E-129B5300C0A1}.Debug|Any CPU.ActiveCfg = Debug|Any CPU
		{91557591-9572-4287-BB4E-129B5300C0A1}.Debug|Any CPU.Build.0 = Debug|Any CPU
		{91557591-9572-4287-BB4E-129B5300C0A1}.Release|Any CPU.ActiveCfg = Release|Any CPU
		{91557591-9572-4287-BB4E-129B5300C0A1}.Release|Any CPU.Build.0 = Release|Any CPU
		{B7B17034-1DCF-4333-842D-878BCD866B0E}.Debug|Any CPU.ActiveCfg = Debug|Any CPU
		{B7B17034-1DCF-4333-842D-878BCD866B0E}.Debug|Any CPU.Build.0 = Debug|Any CPU
		{B7B17034-1DCF-4333-842D-878BCD866B0E}.Release|Any CPU.ActiveCfg = Release|Any CPU
		{B7B17034-1DCF-4333-842D-878BCD866B0E}.Release|Any CPU.Build.0 = Release|Any CPU
		{3C58A5DE-E537-4927-9ACC-51AEDDFE16B7}.Debug|Any CPU.ActiveCfg = Debug|Any CPU
		{3C58A5DE-E537-4927-9ACC-51AEDDFE16B7}.Debug|Any CPU.Build.0 = Debug|Any CPU
		{3C58A5DE-E537-4927-9ACC-51AEDDFE16B7}.Release|Any CPU.ActiveCfg = Release|Any CPU
		{3C58A5DE-E537-4927-9ACC-51AEDDFE16B7}.Release|Any CPU.Build.0 = Release|Any CPU
		{997E53D5-0BD1-4304-9431-8BE6544CBCA6}.Debug|Any CPU.ActiveCfg = Debug|Any CPU
		{997E53D5-0BD1-4304-9431-8BE6544CBCA6}.Debug|Any CPU.Build.0 = Debug|Any CPU
		{997E53D5-0BD1-4304-9431-8BE6544CBCA6}.Release|Any CPU.ActiveCfg = Release|Any CPU
		{997E53D5-0BD1-4304-9431-8BE6544CBCA6}.Release|Any CPU.Build.0 = Release|Any CPU
		{196373FD-C278-499E-919C-0BE3A48FC2D1}.Debug|Any CPU.ActiveCfg = Debug|Any CPU
		{196373FD-C278-499E-919C-0BE3A48FC2D1}.Debug|Any CPU.Build.0 = Debug|Any CPU
		{196373FD-C278-499E-919C-0BE3A48FC2D1}.Release|Any CPU.ActiveCfg = Release|Any CPU
		{196373FD-C278-499E-919C-0BE3A48FC2D1}.Release|Any CPU.Build.0 = Release|Any CPU
	EndGlobalSection
	GlobalSection(SolutionProperties) = preSolution
		HideSolutionNode = FALSE
	EndGlobalSection
	GlobalSection(NestedProjects) = preSolution
		{91557591-9572-4287-BB4E-129B5300C0A1} = {683A621F-50B7-4E2B-92A5-F65714ABC8A0}
		{B7B17034-1DCF-4333-842D-878BCD866B0E} = {683A621F-50B7-4E2B-92A5-F65714ABC8A0}
		{3C58A5DE-E537-4927-9ACC-51AEDDFE16B7} = {683A621F-50B7-4E2B-92A5-F65714ABC8A0}
		{997E53D5-0BD1-4304-9431-8BE6544CBCA6} = {683A621F-50B7-4E2B-92A5-F65714ABC8A0}
		{196373FD-C278-499E-919C-0BE3A48FC2D1} = {683A621F-50B7-4E2B-92A5-F65714ABC8A0}
	EndGlobalSection
	GlobalSection(ExtensibilityGlobals) = postSolution
		SolutionGuid = {39BA447D-927F-4978-96DC-DA3D766585FA}
	EndGlobalSection
EndGlobal
